
Microsoft Visual Studio Solution File, Format Version 12.00
# Visual Studio Version 17
VisualStudioVersion = 17.2.32630.192
MinimumVisualStudioVersion = 10.0.40219.1
Project("{FAE04EC0-301F-11D3-BF4B-00C04F79EFBC}") = "TeamCreatorInAspNetCore", "TeamCreatorInAspNetCore.csproj", "{3A37A690-BF49-4EBC-A71E-912C52A64ABE}"
EndProject
Global
	GlobalSection(SolutionConfigurationPlatforms) = preSolution
		Debug|Any CPU = Debug|Any CPU
		Release|Any CPU = Release|Any CPU
	EndGlobalSection
	GlobalSection(ProjectConfigurationPlatforms) = postSolution
		{3A37A690-BF49-4EBC-A71E-912C52A64ABE}.Debug|Any CPU.ActiveCfg = Debug|Any CPU
		{3A37A690-BF49-4EBC-A71E-912C52A64ABE}.Debug|Any CPU.Build.0 = Debug|Any CPU
		{3A37A690-BF49-4EBC-A71E-912C52A64ABE}.Release|Any CPU.ActiveCfg = Release|Any CPU
		{3A37A690-BF49-4EBC-A71E-912C52A64ABE}.Release|Any CPU.Build.0 = Release|Any CPU
	EndGlobalSection
	GlobalSection(SolutionProperties) = preSolution
		HideSolutionNode = FALSE
	EndGlobalSection
	GlobalSection(ExtensibilityGlobals) = postSolution
		SolutionGuid = {F8713E9C-499C-4CB9-9BA2-C75F570683CA}
	EndGlobalSection
EndGlobal
